// !$*UTF8*$!
{
	archiveVersion = 1;
	classes = {
	};
	objectVersion = 55;
	objects = {

/* Begin PBXBuildFile section */
		910C93A3E61DF5E71A7AD78C /* Pods_CIFI.framework in Frameworks */ = {isa = PBXBuildFile; fileRef = 99E6BB61E3E0D44DBF14E9DF /* Pods_CIFI.framework */; };
		D74E496828632FD500D1A757 /* AppDelegate.m in Sources */ = {isa = PBXBuildFile; fileRef = D74E496728632FD500D1A757 /* AppDelegate.m */; };
		D74E496B28632FD500D1A757 /* SceneDelegate.m in Sources */ = {isa = PBXBuildFile; fileRef = D74E496A28632FD500D1A757 /* SceneDelegate.m */; };
		D74E496E28632FD500D1A757 /* ViewController.m in Sources */ = {isa = PBXBuildFile; fileRef = D74E496D28632FD500D1A757 /* ViewController.m */; };
		D74E497128632FD500D1A757 /* Main.storyboard in Resources */ = {isa = PBXBuildFile; fileRef = D74E496F28632FD500D1A757 /* Main.storyboard */; };
		D74E497328632FD700D1A757 /* Assets.xcassets in Resources */ = {isa = PBXBuildFile; fileRef = D74E497228632FD700D1A757 /* Assets.xcassets */; };
		D74E497628632FD700D1A757 /* LaunchScreen.storyboard in Resources */ = {isa = PBXBuildFile; fileRef = D74E497428632FD700D1A757 /* LaunchScreen.storyboard */; };
		D74E497928632FD700D1A757 /* main.m in Sources */ = {isa = PBXBuildFile; fileRef = D74E497828632FD700D1A757 /* main.m */; };
/* End PBXBuildFile section */

/* Begin PBXFileReference section */
		4743423B63C7D051AB509A6C /* Pods-CIFI.debug.xcconfig */ = {isa = PBXFileReference; includeInIndex = 1; lastKnownFileType = text.xcconfig; name = "Pods-CIFI.debug.xcconfig"; path = "Target Support Files/Pods-CIFI/Pods-CIFI.debug.xcconfig"; sourceTree = "<group>"; };
		868B0FAAD8311F070C26540F /* Pods-CIFI.release.xcconfig */ = {isa = PBXFileReference; includeInIndex = 1; lastKnownFileType = text.xcconfig; name = "Pods-CIFI.release.xcconfig"; path = "Target Support Files/Pods-CIFI/Pods-CIFI.release.xcconfig"; sourceTree = "<group>"; };
		99E6BB61E3E0D44DBF14E9DF /* Pods_CIFI.framework */ = {isa = PBXFileReference; explicitFileType = wrapper.framework; includeInIndex = 0; path = Pods_CIFI.framework; sourceTree = BUILT_PRODUCTS_DIR; };
		D74E496328632FD500D1A757 /* CIFI.app */ = {isa = PBXFileReference; explicitFileType = wrapper.application; includeInIndex = 0; path = CIFI.app; sourceTree = BUILT_PRODUCTS_DIR; };
		D74E496628632FD500D1A757 /* AppDelegate.h */ = {isa = PBXFileReference; lastKnownFileType = sourcecode.c.h; path = AppDelegate.h; sourceTree = "<group>"; };
		D74E496728632FD500D1A757 /* AppDelegate.m */ = {isa = PBXFileReference; lastKnownFileType = sourcecode.c.objc; path = AppDelegate.m; sourceTree = "<group>"; };
		D74E496928632FD500D1A757 /* SceneDelegate.h */ = {isa = PBXFileReference; lastKnownFileType = sourcecode.c.h; path = SceneDelegate.h; sourceTree = "<group>"; };
		D74E496A28632FD500D1A757 /* SceneDelegate.m */ = {isa = PBXFileReference; lastKnownFileType = sourcecode.c.objc; path = SceneDelegate.m; sourceTree = "<group>"; };
		D74E496C28632FD500D1A757 /* ViewController.h */ = {isa = PBXFileReference; lastKnownFileType = sourcecode.c.h; path = ViewController.h; sourceTree = "<group>"; };
		D74E496D28632FD500D1A757 /* ViewController.m */ = {isa = PBXFileReference; lastKnownFileType = sourcecode.c.objc; path = ViewController.m; sourceTree = "<group>"; };
		D74E497028632FD500D1A757 /* Base */ = {isa = PBXFileReference; lastKnownFileType = file.storyboard; name = Base; path = Base.lproj/Main.storyboard; sourceTree = "<group>"; };
		D74E497228632FD700D1A757 /* Assets.xcassets */ = {isa = PBXFileReference; lastKnownFileType = folder.assetcatalog; path = Assets.xcassets; sourceTree = "<group>"; };
		D74E497528632FD700D1A757 /* Base */ = {isa = PBXFileReference; lastKnownFileType = file.storyboard; name = Base; path = Base.lproj/LaunchScreen.storyboard; sourceTree = "<group>"; };
		D74E497728632FD700D1A757 /* Info.plist */ = {isa = PBXFileReference; lastKnownFileType = text.plist.xml; path = Info.plist; sourceTree = "<group>"; };
		D74E497828632FD700D1A757 /* main.m */ = {isa = PBXFileReference; lastKnownFileType = sourcecode.c.objc; path = main.m; sourceTree = "<group>"; };
/* End PBXFileReference section */

/* Begin PBXFrameworksBuildPhase section */
		D74E496028632FD500D1A757 /* Frameworks */ = {
			isa = PBXFrameworksBuildPhase;
			buildActionMask = 2147483647;
			files = (
				910C93A3E61DF5E71A7AD78C /* Pods_CIFI.framework in Frameworks */,
			);
			runOnlyForDeploymentPostprocessing = 0;
		};
/* End PBXFrameworksBuildPhase section */

/* Begin PBXGroup section */
		7AC983B58202A54A7962621D /* Pods */ = {
			isa = PBXGroup;
			children = (
				4743423B63C7D051AB509A6C /* Pods-CIFI.debug.xcconfig */,
				868B0FAAD8311F070C26540F /* Pods-CIFI.release.xcconfig */,
			);
			name = Pods;
			path = Pods;
			sourceTree = "<group>";
		};
		7EB39446D3ECAAB8AE3C669B /* Frameworks */ = {
			isa = PBXGroup;
			children = (
				99E6BB61E3E0D44DBF14E9DF /* Pods_CIFI.framework */,
			);
			name = Frameworks;
			sourceTree = "<group>";
		};
		D74E495A28632FD500D1A757 = {
			isa = PBXGroup;
			children = (
				D74E496528632FD500D1A757 /* CIFI */,
				D74E496428632FD500D1A757 /* Products */,
				7AC983B58202A54A7962621D /* Pods */,
				7EB39446D3ECAAB8AE3C669B /* Frameworks */,
			);
			sourceTree = "<group>";
		};
		D74E496428632FD500D1A757 /* Products */ = {
			isa = PBXGroup;
			children = (
				D74E496328632FD500D1A757 /* CIFI.app */,
			);
			name = Products;
			sourceTree = "<group>";
		};
		D74E496528632FD500D1A757 /* CIFI */ = {
			isa = PBXGroup;
			children = (
				D74E496628632FD500D1A757 /* AppDelegate.h */,
				D74E496728632FD500D1A757 /* AppDelegate.m */,
				D74E496928632FD500D1A757 /* SceneDelegate.h */,
				D74E496A28632FD500D1A757 /* SceneDelegate.m */,
				D74E496C28632FD500D1A757 /* ViewController.h */,
				D74E496D28632FD500D1A757 /* ViewController.m */,
				D74E496F28632FD500D1A757 /* Main.storyboard */,
				D74E497228632FD700D1A757 /* Assets.xcassets */,
				D74E497428632FD700D1A757 /* LaunchScreen.storyboard */,
				D74E497728632FD700D1A757 /* Info.plist */,
				D74E497828632FD700D1A757 /* main.m */,
			);
			path = CIFI;
			sourceTree = "<group>";
		};
/* End PBXGroup section */

/* Begin PBXNativeTarget section */
		D74E496228632FD500D1A757 /* CIFI */ = {
			isa = PBXNativeTarget;
			buildConfigurationList = D74E497C28632FD700D1A757 /* Build configuration list for PBXNativeTarget "CIFI" */;
			buildPhases = (
				EC8A2722378B487CC753CFDA /* [CP] Check Pods Manifest.lock */,
				D74E495F28632FD500D1A757 /* Sources */,
				D74E496028632FD500D1A757 /* Frameworks */,
				D74E496128632FD500D1A757 /* Resources */,
				17B40E31DDAAC6011BDB785B /* [CP] Embed Pods Frameworks */,
			);
			buildRules = (
			);
			dependencies = (
			);
			name = CIFI;
			productName = CIFI;
			productReference = D74E496328632FD500D1A757 /* CIFI.app */;
			productType = "com.apple.product-type.application";
		};
/* End PBXNativeTarget section */

/* Begin PBXProject section */
		D74E495B28632FD500D1A757 /* Project object */ = {
			isa = PBXProject;
			attributes = {
				BuildIndependentTargetsInParallel = 1;
				LastUpgradeCheck = 1330;
				TargetAttributes = {
					D74E496228632FD500D1A757 = {
						CreatedOnToolsVersion = 13.3.1;
					};
				};
			};
			buildConfigurationList = D74E495E28632FD500D1A757 /* Build configuration list for PBXProject "CIFI" */;
			compatibilityVersion = "Xcode 13.0";
			developmentRegion = en;
			hasScannedForEncodings = 0;
			knownRegions = (
				en,
				Base,
			);
			mainGroup = D74E495A28632FD500D1A757;
			productRefGroup = D74E496428632FD500D1A757 /* Products */;
			projectDirPath = "";
			projectRoot = "";
			targets = (
				D74E496228632FD500D1A757 /* CIFI */,
			);
		};
/* End PBXProject section */

/* Begin PBXResourcesBuildPhase section */
		D74E496128632FD500D1A757 /* Resources */ = {
			isa = PBXResourcesBuildPhase;
			buildActionMask = 2147483647;
			files = (
				D74E497628632FD700D1A757 /* LaunchScreen.storyboard in Resources */,
				D74E497328632FD700D1A757 /* Assets.xcassets in Resources */,
				D74E497128632FD500D1A757 /* Main.storyboard in Resources */,
			);
			runOnlyForDeploymentPostprocessing = 0;
		};
/* End PBXResourcesBuildPhase section */

/* Begin PBXShellScriptBuildPhase section */
		17B40E31DDAAC6011BDB785B /* [CP] Embed Pods Frameworks */ = {
			isa = PBXShellScriptBuildPhase;
			buildActionMask = 2147483647;
			files = (
			);
			inputFileListPaths = (
				"${PODS_ROOT}/Target Support Files/Pods-CIFI/Pods-CIFI-frameworks-${CONFIGURATION}-input-files.xcfilelist",
			);
			name = "[CP] Embed Pods Frameworks";
			outputFileListPaths = (
				"${PODS_ROOT}/Target Support Files/Pods-CIFI/Pods-CIFI-frameworks-${CONFIGURATION}-output-files.xcfilelist",
			);
			runOnlyForDeploymentPostprocessing = 0;
			shellPath = /bin/sh;
			shellScript = "\"${PODS_ROOT}/Target Support Files/Pods-CIFI/Pods-CIFI-frameworks.sh\"\n";
			showEnvVarsInLog = 0;
		};
		EC8A2722378B487CC753CFDA /* [CP] Check Pods Manifest.lock */ = {
			isa = PBXShellScriptBuildPhase;
			buildActionMask = 2147483647;
			files = (
			);
			inputFileListPaths = (
			);
			inputPaths = (
				"${PODS_PODFILE_DIR_PATH}/Podfile.lock",
				"${PODS_ROOT}/Manifest.lock",
			);
			name = "[CP] Check Pods Manifest.lock";
			outputFileListPaths = (
			);
			outputPaths = (
				"$(DERIVED_FILE_DIR)/Pods-CIFI-checkManifestLockResult.txt",
			);
			runOnlyForDeploymentPostprocessing = 0;
			shellPath = /bin/sh;
			shellScript = "diff \"${PODS_PODFILE_DIR_PATH}/Podfile.lock\" \"${PODS_ROOT}/Manifest.lock\" > /dev/null\nif [ $? != 0 ] ; then\n    # print error to STDERR\n    echo \"error: The sandbox is not in sync with the Podfile.lock. Run 'pod install' or update your CocoaPods installation.\" >&2\n    exit 1\nfi\n# This output is used by Xcode 'outputs' to avoid re-running this script phase.\necho \"SUCCESS\" > \"${SCRIPT_OUTPUT_FILE_0}\"\n";
			showEnvVarsInLog = 0;
		};
/* End PBXShellScriptBuildPhase section */

/* Begin PBXSourcesBuildPhase section */
		D74E495F28632FD500D1A757 /* Sources */ = {
			isa = PBXSourcesBuildPhase;
			buildActionMask = 2147483647;
			files = (
				D74E496E28632FD500D1A757 /* ViewController.m in Sources */,
				D74E496828632FD500D1A757 /* AppDelegate.m in Sources */,
				D74E497928632FD700D1A757 /* main.m in Sources */,
				D74E496B28632FD500D1A757 /* SceneDelegate.m in Sources */,
			);
			runOnlyForDeploymentPostprocessing = 0;
		};
/* End PBXSourcesBuildPhase section */

/* Begin PBXVariantGroup section */
		D74E496F28632FD500D1A757 /* Main.storyboard */ = {
			isa = PBXVariantGroup;
			children = (
				D74E497028632FD500D1A757 /* Base */,
			);
			name = Main.storyboard;
			sourceTree = "<group>";
		};
		D74E497428632FD700D1A757 /* LaunchScreen.storyboard */ = {
			isa = PBXVariantGroup;
			children = (
				D74E497528632FD700D1A757 /* Base */,
			);
			name = LaunchScreen.storyboard;
			sourceTree = "<group>";
		};
/* End PBXVariantGroup section */

/* Begin XCBuildConfiguration section */
		D74E497A28632FD700D1A757 /* Debug */ = {
			isa = XCBuildConfiguration;
			buildSettings = {
				ALWAYS_SEARCH_USER_PATHS = NO;
				CLANG_ANALYZER_NONNULL = YES;
				CLANG_ANALYZER_NUMBER_OBJECT_CONVERSION = YES_AGGRESSIVE;
				CLANG_CXX_LANGUAGE_STANDARD = "gnu++17";
				CLANG_ENABLE_MODULES = YES;
				CLANG_ENABLE_OBJC_ARC = YES;
				CLANG_ENABLE_OBJC_WEAK = YES;
				CLANG_WARN_BLOCK_CAPTURE_AUTORELEASING = YES;
				CLANG_WARN_BOOL_CONVERSION = YES;
				CLANG_WARN_COMMA = YES;
				CLANG_WARN_CONSTANT_CONVERSION = YES;
				CLANG_WARN_DEPRECATED_OBJC_IMPLEMENTATIONS = YES;
				CLANG_WARN_DIRECT_OBJC_ISA_USAGE = YES_ERROR;
				CLANG_WARN_DOCUMENTATION_COMMENTS = YES;
				CLANG_WARN_EMPTY_BODY = YES;
				CLANG_WARN_ENUM_CONVERSION = YES;
				CLANG_WARN_INFINITE_RECURSION = YES;
				CLANG_WARN_INT_CONVERSION = YES;
				CLANG_WARN_NON_LITERAL_NULL_CONVERSION = YES;
				CLANG_WARN_OBJC_IMPLICIT_RETAIN_SELF = YES;
				CLANG_WARN_OBJC_LITERAL_CONVERSION = YES;
				CLANG_WARN_OBJC_ROOT_CLASS = YES_ERROR;
				CLANG_WARN_QUOTED_INCLUDE_IN_FRAMEWORK_HEADER = YES;
				CLANG_WARN_RANGE_LOOP_ANALYSIS = YES;
				CLANG_WARN_STRICT_PROTOTYPES = YES;
				CLANG_WARN_SUSPICIOUS_MOVE = YES;
				CLANG_WARN_UNGUARDED_AVAILABILITY = YES_AGGRESSIVE;
				CLANG_WARN_UNREACHABLE_CODE = YES;
				CLANG_WARN__DUPLICATE_METHOD_MATCH = YES;
				COPY_PHASE_STRIP = NO;
				DEBUG_INFORMATION_FORMAT = dwarf;
				ENABLE_STRICT_OBJC_MSGSEND = YES;
				ENABLE_TESTABILITY = YES;
				GCC_C_LANGUAGE_STANDARD = gnu11;
				GCC_DYNAMIC_NO_PIC = NO;
				GCC_NO_COMMON_BLOCKS = YES;
				GCC_OPTIMIZATION_LEVEL = 0;
				GCC_PREPROCESSOR_DEFINITIONS = (
					"DEBUG=1",
					"$(inherited)",
				);
				GCC_WARN_64_TO_32_BIT_CONVERSION = YES;
				GCC_WARN_ABOUT_RETURN_TYPE = YES_ERROR;
				GCC_WARN_UNDECLARED_SELECTOR = YES;
				GCC_WARN_UNINITIALIZED_AUTOS = YES_AGGRESSIVE;
				GCC_WARN_UNUSED_FUNCTION = YES;
				GCC_WARN_UNUSED_VARIABLE = YES;
				IPHONEOS_DEPLOYMENT_TARGET = 15.4;
				MTL_ENABLE_DEBUG_INFO = INCLUDE_SOURCE;
				MTL_FAST_MATH = YES;
				ONLY_ACTIVE_ARCH = YES;
				SDKROOT = iphoneos;
			};
			name = Debug;
		};
		D74E497B28632FD700D1A757 /* Release */ = {
			isa = XCBuildConfiguration;
			buildSettings = {
				ALWAYS_SEARCH_USER_PATHS = NO;
				CLANG_ANALYZER_NONNULL = YES;
				CLANG_ANALYZER_NUMBER_OBJECT_CONVERSION = YES_AGGRESSIVE;
				CLANG_CXX_LANGUAGE_STANDARD = "gnu++17";
				CLANG_ENABLE_MODULES = YES;
				CLANG_ENABLE_OBJC_ARC = YES;
				CLANG_ENABLE_OBJC_WEAK = YES;
				CLANG_WARN_BLOCK_CAPTURE_AUTORELEASING = YES;
				CLANG_WARN_BOOL_CONVERSION = YES;
				CLANG_WARN_COMMA = YES;
				CLANG_WARN_CONSTANT_CONVERSION = YES;
				CLANG_WARN_DEPRECATED_OBJC_IMPLEMENTATIONS = YES;
				CLANG_WARN_DIRECT_OBJC_ISA_USAGE = YES_ERROR;
				CLANG_WARN_DOCUMENTATION_COMMENTS = YES;
				CLANG_WARN_EMPTY_BODY = YES;
				CLANG_WARN_ENUM_CONVERSION = YES;
				CLANG_WARN_INFINITE_RECURSION = YES;
				CLANG_WARN_INT_CONVERSION = YES;
				CLANG_WARN_NON_LITERAL_NULL_CONVERSION = YES;
				CLANG_WARN_OBJC_IMPLICIT_RETAIN_SELF = YES;
				CLANG_WARN_OBJC_LITERAL_CONVERSION = YES;
				CLANG_WARN_OBJC_ROOT_CLASS = YES_ERROR;
				CLANG_WARN_QUOTED_INCLUDE_IN_FRAMEWORK_HEADER = YES;
				CLANG_WARN_RANGE_LOOP_ANALYSIS = YES;
				CLANG_WARN_STRICT_PROTOTYPES = YES;
				CLANG_WARN_SUSPICIOUS_MOVE = YES;
				CLANG_WARN_UNGUARDED_AVAILABILITY = YES_AGGRESSIVE;
				CLANG_WARN_UNREACHABLE_CODE = YES;
				CLANG_WARN__DUPLICATE_METHOD_MATCH = YES;
				COPY_PHASE_STRIP = NO;
				DEBUG_INFORMATION_FORMAT = "dwarf-with-dsym";
				ENABLE_NS_ASSERTIONS = NO;
				ENABLE_STRICT_OBJC_MSGSEND = YES;
				GCC_C_LANGUAGE_STANDARD = gnu11;
				GCC_NO_COMMON_BLOCKS = YES;
				GCC_WARN_64_TO_32_BIT_CONVERSION = YES;
				GCC_WARN_ABOUT_RETURN_TYPE = YES_ERROR;
				GCC_WARN_UNDECLARED_SELECTOR = YES;
				GCC_WARN_UNINITIALIZED_AUTOS = YES_AGGRESSIVE;
				GCC_WARN_UNUSED_FUNCTION = YES;
				GCC_WARN_UNUSED_VARIABLE = YES;
				IPHONEOS_DEPLOYMENT_TARGET = 15.4;
				MTL_ENABLE_DEBUG_INFO = NO;
				MTL_FAST_MATH = YES;
				SDKROOT = iphoneos;
				VALIDATE_PRODUCT = YES;
			};
			name = Release;
		};
		D74E497D28632FD700D1A757 /* Debug */ = {
			isa = XCBuildConfiguration;
			baseConfigurationReference = 4743423B63C7D051AB509A6C /* Pods-CIFI.debug.xcconfig */;
			buildSettings = {
				ASSETCATALOG_COMPILER_APPICON_NAME = AppIcon;
				ASSETCATALOG_COMPILER_GLOBAL_ACCENT_COLOR_NAME = AccentColor;
				CODE_SIGN_STYLE = Automatic;
				CURRENT_PROJECT_VERSION = 1;
				DEVELOPMENT_TEAM = CFH6AF4L74;
				GENERATE_INFOPLIST_FILE = YES;
				INFOPLIST_FILE = CIFI/Info.plist;
				INFOPLIST_KEY_UIApplicationSupportsIndirectInputEvents = YES;
				INFOPLIST_KEY_UILaunchStoryboardName = LaunchScreen;
				INFOPLIST_KEY_UIMainStoryboardFile = Main;
				INFOPLIST_KEY_UISupportedInterfaceOrientations_iPad = "UIInterfaceOrientationPortrait UIInterfaceOrientationPortraitUpsideDown UIInterfaceOrientationLandscapeLeft UIInterfaceOrientationLandscapeRight";
				INFOPLIST_KEY_UISupportedInterfaceOrientations_iPhone = "UIInterfaceOrientationPortrait UIInterfaceOrientationLandscapeLeft UIInterfaceOrientationLandscapeRight";
				LD_RUNPATH_SEARCH_PATHS = (
					"$(inherited)",
					"@executable_path/Frameworks",
				);
				MARKETING_VERSION = 1.0;
				PRODUCT_BUNDLE_IDENTIFIER = kk.CIFI;
				PRODUCT_NAME = "$(TARGET_NAME)";
				SWIFT_EMIT_LOC_STRINGS = YES;
				TARGETED_DEVICE_FAMILY = "1,2";
			};
			name = Debug;
		};
		D74E497E28632FD700D1A757 /* Release */ = {
			isa = XCBuildConfiguration;
			baseConfigurationReference = 868B0FAAD8311F070C26540F /* Pods-CIFI.release.xcconfig */;
			buildSettings = {
				ASSETCATALOG_COMPILER_APPICON_NAME = AppIcon;
				ASSETCATALOG_COMPILER_GLOBAL_ACCENT_COLOR_NAME = AccentColor;
				CODE_SIGN_STYLE = Automatic;
				CURRENT_PROJECT_VERSION = 1;
				DEVELOPMENT_TEAM = CFH6AF4L74;
				GENERATE_INFOPLIST_FILE = YES;
				INFOPLIST_FILE = CIFI/Info.plist;
				INFOPLIST_KEY_UIApplicationSupportsIndirectInputEvents = YES;
				INFOPLIST_KEY_UILaunchStoryboardName = LaunchScreen;
				INFOPLIST_KEY_UIMainStoryboardFile = Main;
				INFOPLIST_KEY_UISupportedInterfaceOrientations_iPad = "UIInterfaceOrientationPortrait UIInterfaceOrientationPortraitUpsideDown UIInterfaceOrientationLandscapeLeft UIInterfaceOrientationLandscapeRight";
				INFOPLIST_KEY_UISupportedInterfaceOrientations_iPhone = "UIInterfaceOrientationPortrait UIInterfaceOrientationLandscapeLeft UIInterfaceOrientationLandscapeRight";
				LD_RUNPATH_SEARCH_PATHS = (
					"$(inherited)",
					"@executable_path/Frameworks",
				);
				MARKETING_VERSION = 1.0;
				PRODUCT_BUNDLE_IDENTIFIER = kk.CIFI;
				PRODUCT_NAME = "$(TARGET_NAME)";
				SWIFT_EMIT_LOC_STRINGS = YES;
				TARGETED_DEVICE_FAMILY = "1,2";
			};
			name = Release;
		};
/* End XCBuildConfiguration section */

/* Begin XCConfigurationList section */
		D74E495E28632FD500D1A757 /* Build configuration list for PBXProject "CIFI" */ = {
			isa = XCConfigurationList;
			buildConfigurations = (
				D74E497A28632FD700D1A757 /* Debug */,
				D74E497B28632FD700D1A757 /* Release */,
			);
			defaultConfigurationIsVisible = 0;
			defaultConfigurationName = Release;
		};
		D74E497C28632FD700D1A757 /* Build configuration list for PBXNativeTarget "CIFI" */ = {
			isa = XCConfigurationList;
			buildConfigurations = (
				D74E497D28632FD700D1A757 /* Debug */,
				D74E497E28632FD700D1A757 /* Release */,
			);
			defaultConfigurationIsVisible = 0;
			defaultConfigurationName = Release;
		};
/* End XCConfigurationList section */
	};
	rootObject = D74E495B28632FD500D1A757 /* Project object */;
}
